{
  "version": "2",
  "remote": {
    "https://www.unpkg.com/@dinero.js/calculator-number@2.0.0-alpha.10/dist/esm/api/add.js": "84f47a668535abbb64cf4d1ffbff20c45fe59597fb88802cdb109b8102094661",
    "https://www.unpkg.com/@dinero.js/calculator-number@2.0.0-alpha.10/dist/esm/api/compare.js": "65fc1d530c729b45bf6fdb112f98fdc3e83366bcd24d94caec32e3d4f5edacda",
    "https://www.unpkg.com/@dinero.js/calculator-number@2.0.0-alpha.10/dist/esm/api/decrement.js": "4fb64cc0da4ac214045fdcca9880520eae03b8bece812504663ba8f4b71a62ca",
    "https://www.unpkg.com/@dinero.js/calculator-number@2.0.0-alpha.10/dist/esm/api/increment.js": "6ea4b1b1d4e9f13abb2cb5fd7255ea7a219f4c5aa377b8e201e3df7ac7b47642",
    "https://www.unpkg.com/@dinero.js/calculator-number@2.0.0-alpha.10/dist/esm/api/index.js": "afba46aa0a0184848e8a970e3cbd7fd7134c877b401495377079ebbb916cddc1",
    "https://www.unpkg.com/@dinero.js/calculator-number@2.0.0-alpha.10/dist/esm/api/integerDivide.js": "156fbeb99a37ab569ec70967b3fcdfe65dfec2d39ec6a08ad7e502585c5931b1",
    "https://www.unpkg.com/@dinero.js/calculator-number@2.0.0-alpha.10/dist/esm/api/modulo.js": "4ae15a80cf8d1fc525033a6271cbbd430be93afbcf698f4b0247d2ad58d9bd6f",
    "https://www.unpkg.com/@dinero.js/calculator-number@2.0.0-alpha.10/dist/esm/api/multiply.js": "e476b24b0001a733bb1cc86cda55184effcc745693587023b03b574398aa454a",
    "https://www.unpkg.com/@dinero.js/calculator-number@2.0.0-alpha.10/dist/esm/api/power.js": "b3b2574bd1973e32b0e7b61b13a685308e468ae8bc623cc4adcdaa73f200a8fb",
    "https://www.unpkg.com/@dinero.js/calculator-number@2.0.0-alpha.10/dist/esm/api/subtract.js": "448e04120b8d756e2b5800ac24c7bc5031df6213e3e524aeb9a3e6791cfcaeed",
    "https://www.unpkg.com/@dinero.js/calculator-number@2.0.0-alpha.10/dist/esm/api/toNumber.js": "57aa4b44a3e509c5e11f0365f6c5bf0dd54af7fb6952051a3ddc98235d49de8b",
    "https://www.unpkg.com/@dinero.js/calculator-number@2.0.0-alpha.10/dist/esm/api/zero.js": "3ac0664831b639e7125cc32735d3fb5e8ffb0350954e9861fd98b7d56be9f4e7",
    "https://www.unpkg.com/@dinero.js/calculator-number@2.0.0-alpha.10/dist/esm/calculator.js": "084721ea78b3282b4344f44cb7586f2756fc4f5bbe0b2b0aba1dbfb5e3d19cfe",
    "https://www.unpkg.com/@dinero.js/calculator-number@2.0.0-alpha.10/dist/esm/index.js": "ff347342e3b365d649f1ab9336f02646dd6911c4c14b2f02d7867a39f323e55b",
    "https://www.unpkg.com/@dinero.js/core@2.0.0-alpha.10/dist/esm/api/add.js": "65ff2ef052471d046c9bf2cd74869e1ec8559ea0d0cf5dea60a3bd624963001c",
    "https://www.unpkg.com/@dinero.js/core@2.0.0-alpha.10/dist/esm/api/allocate.js": "97e6e52571ce7b0131d2a1cee422b6e97276c5eb3bb23800a8d34946e76c3757",
    "https://www.unpkg.com/@dinero.js/core@2.0.0-alpha.10/dist/esm/api/compare.js": "aa0c8fc0a10c6315686c602de6074a3aa0c4d28edba4fff24755b1e08f605d79",
    "https://www.unpkg.com/@dinero.js/core@2.0.0-alpha.10/dist/esm/api/convert.js": "869ec78a25088bc2a5454aa4c67165d13b552c7cc663a6c37083ad4917b1c055",
    "https://www.unpkg.com/@dinero.js/core@2.0.0-alpha.10/dist/esm/api/equal.js": "46a5101d2ce8f5cee7443039356c0e9f7327f05a9d92cffca8da4424f667cdbf",
    "https://www.unpkg.com/@dinero.js/core@2.0.0-alpha.10/dist/esm/api/greaterThan.js": "9eae34863ebee149bcc4a79cc3727b8fbec77688952a53e7dd432476b657b14a",
    "https://www.unpkg.com/@dinero.js/core@2.0.0-alpha.10/dist/esm/api/greaterThanOrEqual.js": "9544381a6c51811f1145c4fc56e55568d8953d0a413e0fe8d30e8c82f1166f1b",
    "https://www.unpkg.com/@dinero.js/core@2.0.0-alpha.10/dist/esm/api/hasSubUnits.js": "dc88e41b184f8bb152ba1440149b7fc85473eb053d7560a2f14b59154aec7650",
    "https://www.unpkg.com/@dinero.js/core@2.0.0-alpha.10/dist/esm/api/haveSameAmount.js": "9c39722eccb3fa585c2e342b3522420570267c172c17217acd6b844e632b1a57",
    "https://www.unpkg.com/@dinero.js/core@2.0.0-alpha.10/dist/esm/api/haveSameCurrency.js": "4295c00e38ca525e608d0fb82980a2e7d2551932b40b951f1ecc20c431e733e2",
    "https://www.unpkg.com/@dinero.js/core@2.0.0-alpha.10/dist/esm/api/index.js": "8b41e11182077842409b71749a5658bcc40924c731efbac21cc7651b633701f8",
    "https://www.unpkg.com/@dinero.js/core@2.0.0-alpha.10/dist/esm/api/isNegative.js": "70e56238facf9b2023aa8912fa84a6597017c0fda8c2a31f2d6c617461183cc7",
    "https://www.unpkg.com/@dinero.js/core@2.0.0-alpha.10/dist/esm/api/isPositive.js": "1f1709b3d856a67c43036a4679a86eef8d34414bfee5a86b8ee03d16400cdce8",
    "https://www.unpkg.com/@dinero.js/core@2.0.0-alpha.10/dist/esm/api/isZero.js": "ba50464a639345493204d64dd2c0beb62dc319cf26967b94c1a44daaf65c56e2",
    "https://www.unpkg.com/@dinero.js/core@2.0.0-alpha.10/dist/esm/api/lessThan.js": "2da41f3cc34280c1f8556ca606d7fa31cc35bee3831b64e945d963e040e2c6e2",
    "https://www.unpkg.com/@dinero.js/core@2.0.0-alpha.10/dist/esm/api/lessThanOrEqual.js": "adcaa2d1b3f9b9978f8055ef5211d451eb224dacb8eaf15b3321d7fcef959216",
    "https://www.unpkg.com/@dinero.js/core@2.0.0-alpha.10/dist/esm/api/maximum.js": "331ffbbf9370cc3c620e09bdae6e983b4475d5af8c59d39eb5cc248b596577c3",
    "https://www.unpkg.com/@dinero.js/core@2.0.0-alpha.10/dist/esm/api/minimum.js": "57707563534959e091509fdbbf71c4208890f95b1ae05641f78f31214f53fb3c",
    "https://www.unpkg.com/@dinero.js/core@2.0.0-alpha.10/dist/esm/api/multiply.js": "35638123c7eed9076f6fe4ea5e21095396db1592b4078a7df9345589c5b90e36",
    "https://www.unpkg.com/@dinero.js/core@2.0.0-alpha.10/dist/esm/api/normalizeScale.js": "2add37151dd4fa2278d7f00315827d61a011eba4363dd22cb7802922adc54db4",
    "https://www.unpkg.com/@dinero.js/core@2.0.0-alpha.10/dist/esm/api/subtract.js": "2fc30a151df6ea63a8d4519169f82bf9b7e4a900bfd1f845b0ab858ef390ea3b",
    "https://www.unpkg.com/@dinero.js/core@2.0.0-alpha.10/dist/esm/api/toFormat.js": "f119a1702f032635ee15a7aef76c1020bee637ff3f2e5edcb90d44f1c9e18a19",
    "https://www.unpkg.com/@dinero.js/core@2.0.0-alpha.10/dist/esm/api/toSnapshot.js": "d74a2c04e882d58b550fb232af0229610719649a2920f2d36005fe979f119e9d",
    "https://www.unpkg.com/@dinero.js/core@2.0.0-alpha.10/dist/esm/api/toUnit.js": "0b35de7014604314a4a688c9b989cba47599ed81ada9cca37847ab792d4ba9e2",
    "https://www.unpkg.com/@dinero.js/core@2.0.0-alpha.10/dist/esm/api/transformScale.js": "2fe33f4e8588c3580c2253c37b604ac0b371263c0263debd88e40072fef1d76d",
    "https://www.unpkg.com/@dinero.js/core@2.0.0-alpha.10/dist/esm/api/trimScale.js": "27fba31b37c0348583bd87d32e9210c54c024640203ab07bf561471baadc3151",
    "https://www.unpkg.com/@dinero.js/core@2.0.0-alpha.10/dist/esm/checks/index.js": "f40ca04701f0f1b0186f218730f36fad103e032495a0c378f1068d35966c00f9",
    "https://www.unpkg.com/@dinero.js/core@2.0.0-alpha.10/dist/esm/checks/messages.js": "b1e0ed354bfeb651039a1c00fed315dde9162e1d595f1d73f93bc8fdb92923c9",
    "https://www.unpkg.com/@dinero.js/core@2.0.0-alpha.10/dist/esm/helpers/assert.js": "cbf4de3515332673c8190c241fb92650e10752aacb8571fece11725cec9143d2",
    "https://www.unpkg.com/@dinero.js/core@2.0.0-alpha.10/dist/esm/helpers/createDinero.js": "cec1eb80b0aa3ac5aac8acdd229c35ca352f98a7c7564c1c6a04f1d0cc1ac29e",
    "https://www.unpkg.com/@dinero.js/core@2.0.0-alpha.10/dist/esm/helpers/index.js": "80898d5b2d6eecd7fe0e3ae46f2e469f622bd6146665730ebc8b17bf1c5230a8",
    "https://www.unpkg.com/@dinero.js/core@2.0.0-alpha.10/dist/esm/index.js": "931727abcc70037b83b4b648c6b6eb6369b9767691d3a0ecb37cf98e495a9e2e",
    "https://www.unpkg.com/@dinero.js/core@2.0.0-alpha.10/dist/esm/round/down.js": "56b9d0c01b210cf263909690a34dbfce5f8d166aa28e79f9a5d068a47dc7a693",
    "https://www.unpkg.com/@dinero.js/core@2.0.0-alpha.10/dist/esm/round/halfAwayFromZero.js": "4530d8f09a96b538f34dfa1a5a1abcf82a1b504a6eeb620d7f24cadb0a329b8a",
    "https://www.unpkg.com/@dinero.js/core@2.0.0-alpha.10/dist/esm/round/halfDown.js": "196f0d201574419e59847de215373970d7226745fbc2b347d434ad37dc77b356",
    "https://www.unpkg.com/@dinero.js/core@2.0.0-alpha.10/dist/esm/round/halfEven.js": "8a657452b2462fd22a56670f57616f1dcfc4f4e1ff926d14c6e53a91809f6c59",
    "https://www.unpkg.com/@dinero.js/core@2.0.0-alpha.10/dist/esm/round/halfOdd.js": "c4838f56e454f63f0b9cc2e05f7235c05d7396fd60d44b04ea34e65f0e640855",
    "https://www.unpkg.com/@dinero.js/core@2.0.0-alpha.10/dist/esm/round/halfTowardsZero.js": "7b0bdd81304b756cbd1777639d2604706fe0ca5dacb768ce6e99d70f58fc0101",
    "https://www.unpkg.com/@dinero.js/core@2.0.0-alpha.10/dist/esm/round/halfUp.js": "c4bdf99813886c1083834edbca498828bbe0e4a7f3842dcb4f13cebb16f69cfa",
    "https://www.unpkg.com/@dinero.js/core@2.0.0-alpha.10/dist/esm/round/index.js": "7b9f8423e4ecf36501c68dc427369e8114295328cc658282bab0d3f4f755ffe9",
    "https://www.unpkg.com/@dinero.js/core@2.0.0-alpha.10/dist/esm/round/up.js": "e421252bacc6fe52abbeb61e7e407fb5d3d8d71e129e2134da80717920b34fe1",
    "https://www.unpkg.com/@dinero.js/core@2.0.0-alpha.10/dist/esm/types/BinaryOperation.js": "2e29cd9a98755c46896f7a2d56524db2d6d96b248e36db46de14c30bf47c8d05",
    "https://www.unpkg.com/@dinero.js/core@2.0.0-alpha.10/dist/esm/types/Calculator.js": "e1e6e24159a1fb32803079f1fd6b77700ec6f06fdd36bddeaf112825f223b204",
    "https://www.unpkg.com/@dinero.js/core@2.0.0-alpha.10/dist/esm/types/Dinero.js": "2e29cd9a98755c46896f7a2d56524db2d6d96b248e36db46de14c30bf47c8d05",
    "https://www.unpkg.com/@dinero.js/core@2.0.0-alpha.10/dist/esm/types/DineroFactory.js": "2e29cd9a98755c46896f7a2d56524db2d6d96b248e36db46de14c30bf47c8d05",
    "https://www.unpkg.com/@dinero.js/core@2.0.0-alpha.10/dist/esm/types/DineroOptions.js": "2e29cd9a98755c46896f7a2d56524db2d6d96b248e36db46de14c30bf47c8d05",
    "https://www.unpkg.com/@dinero.js/core@2.0.0-alpha.10/dist/esm/types/DineroSnapshot.js": "2e29cd9a98755c46896f7a2d56524db2d6d96b248e36db46de14c30bf47c8d05",
    "https://www.unpkg.com/@dinero.js/core@2.0.0-alpha.10/dist/esm/types/Formatter.js": "2e29cd9a98755c46896f7a2d56524db2d6d96b248e36db46de14c30bf47c8d05",
    "https://www.unpkg.com/@dinero.js/core@2.0.0-alpha.10/dist/esm/types/Rates.js": "2e29cd9a98755c46896f7a2d56524db2d6d96b248e36db46de14c30bf47c8d05",
    "https://www.unpkg.com/@dinero.js/core@2.0.0-alpha.10/dist/esm/types/RoundingMode.js": "2e29cd9a98755c46896f7a2d56524db2d6d96b248e36db46de14c30bf47c8d05",
    "https://www.unpkg.com/@dinero.js/core@2.0.0-alpha.10/dist/esm/types/RoundingOptions.js": "2e29cd9a98755c46896f7a2d56524db2d6d96b248e36db46de14c30bf47c8d05",
    "https://www.unpkg.com/@dinero.js/core@2.0.0-alpha.10/dist/esm/types/ScaledAmount.js": "2e29cd9a98755c46896f7a2d56524db2d6d96b248e36db46de14c30bf47c8d05",
    "https://www.unpkg.com/@dinero.js/core@2.0.0-alpha.10/dist/esm/types/TransformOperation.js": "2e29cd9a98755c46896f7a2d56524db2d6d96b248e36db46de14c30bf47c8d05",
    "https://www.unpkg.com/@dinero.js/core@2.0.0-alpha.10/dist/esm/types/Transformer.js": "2e29cd9a98755c46896f7a2d56524db2d6d96b248e36db46de14c30bf47c8d05",
    "https://www.unpkg.com/@dinero.js/core@2.0.0-alpha.10/dist/esm/types/UnaryOperation.js": "2e29cd9a98755c46896f7a2d56524db2d6d96b248e36db46de14c30bf47c8d05",
    "https://www.unpkg.com/@dinero.js/core@2.0.0-alpha.10/dist/esm/types/index.js": "b3db72f5878e62280bb13ee7f37e2c866b68a45d7827870bcf6f6abf78b725fe",
    "https://www.unpkg.com/@dinero.js/core@2.0.0-alpha.10/dist/esm/utils/compare.js": "129b3aebc1687046edc75ed3d139ad8d22e554447264004682ea350f4f7ced89",
    "https://www.unpkg.com/@dinero.js/core@2.0.0-alpha.10/dist/esm/utils/countTrailingZeros.js": "9da306a7ce9b0a310a8ee95e9f57039ffcbf5e47cd14b1ab5e477fb5d5f4160b",
    "https://www.unpkg.com/@dinero.js/core@2.0.0-alpha.10/dist/esm/utils/distribute.js": "f768b91482c0773293a06fa2555f93a1acd9d3478db3ff9ccb54c30bd1ba6de5",
    "https://www.unpkg.com/@dinero.js/core@2.0.0-alpha.10/dist/esm/utils/equal.js": "b999336fff2aaae32f7a32ab7a88aa1e928393580447947269446ec0927459b0",
    "https://www.unpkg.com/@dinero.js/core@2.0.0-alpha.10/dist/esm/utils/getAmountAndScale.js": "65434c4adb68921c5cd4557d2c4e34ebc247e93ae98e6e0cc28cb9c5660da34f",
    "https://www.unpkg.com/@dinero.js/core@2.0.0-alpha.10/dist/esm/utils/greaterThan.js": "fd5b8a737b1559e6eb47e23d90fae8d9e0dd582869124b00389d90f955476523",
    "https://www.unpkg.com/@dinero.js/core@2.0.0-alpha.10/dist/esm/utils/greaterThanOrEqual.js": "296b232dae13e76b0c370355b4d7b57dad3eb9ca3e2e258115f848ab60a1d78a",
    "https://www.unpkg.com/@dinero.js/core@2.0.0-alpha.10/dist/esm/utils/index.js": "9969815333f98326480f1714c90f996167825477f7a28957a910a647c337ced5",
    "https://www.unpkg.com/@dinero.js/core@2.0.0-alpha.10/dist/esm/utils/isEven.js": "9a595369ff8b31973a6b8802b39f5295bbfc8821fe35bddd4bac8af654f13401",
    "https://www.unpkg.com/@dinero.js/core@2.0.0-alpha.10/dist/esm/utils/isHalf.js": "62015e31ad99293998b005f9da24e7fb708e0646e473128f7423355dbbf85a6a",
    "https://www.unpkg.com/@dinero.js/core@2.0.0-alpha.10/dist/esm/utils/isScaledAmount.js": "6e54f453cb522da004679876e6cf1b2a440e3d888e91fd0a47470ff7f102b4fa",
    "https://www.unpkg.com/@dinero.js/core@2.0.0-alpha.10/dist/esm/utils/lessThan.js": "2db8af0089f30124a3bb59c36b67c7cb5d6d1811a7be46de983826cc7369b4f9",
    "https://www.unpkg.com/@dinero.js/core@2.0.0-alpha.10/dist/esm/utils/lessThanOrEqual.js": "a8eeb7e2332a469ff828f46a8800a185c038e53e9f1c2f774c158a088c69a0fc",
    "https://www.unpkg.com/@dinero.js/core@2.0.0-alpha.10/dist/esm/utils/maximum.js": "b1d5ef0d11b59bcfa8cec32daa50911b6a8782f5d1d84aeeb7e4c17eb6ce74a4",
    "https://www.unpkg.com/@dinero.js/core@2.0.0-alpha.10/dist/esm/utils/minimum.js": "bcc9518d54b2668e0f2f13bba7f97d3c46e56f2bd1bec08c6fa8ed9f5380d533",
    "https://www.unpkg.com/@dinero.js/currencies@2.0.0-alpha.10/dist/esm/index.js": "f443be975b1bdaf77b28a7a39de8219f5cc7ad68e67f78dd6a8247871e346c54",
    "https://www.unpkg.com/@dinero.js/currencies@2.0.0-alpha.10/dist/esm/iso4217/amendments/168/aed.js": "6f0afbbc5bf2a6ee4b3bd11360e0d0dc03cfaefe6c1420a491e69cc2b7be369f",
    "https://www.unpkg.com/@dinero.js/currencies@2.0.0-alpha.10/dist/esm/iso4217/amendments/168/afn.js": "6e1977f3772fefa41758094e102b62edeef2ad4bac15276f2e344bb9783968e6",
    "https://www.unpkg.com/@dinero.js/currencies@2.0.0-alpha.10/dist/esm/iso4217/amendments/168/all.js": "e42a3fb2bb190aecafc387c4a64c8f799600b45eae9fab55fcc36abc1625ea7a",
    "https://www.unpkg.com/@dinero.js/currencies@2.0.0-alpha.10/dist/esm/iso4217/amendments/168/amd.js": "86d18dc926773fb494fbdc3b67eb576a51253b4bb9fa54966ce8c467034186b8",
    "https://www.unpkg.com/@dinero.js/currencies@2.0.0-alpha.10/dist/esm/iso4217/amendments/168/ang.js": "f108a00e5f5c3d5460a98fe22b526d152c124791f84e154d5e99734e40c3f4d7",
    "https://www.unpkg.com/@dinero.js/currencies@2.0.0-alpha.10/dist/esm/iso4217/amendments/168/aoa.js": "0cc93b89b5d9aabf728c5730e736eb8f35510863f923e525f3e660bc3ed8c27c",
    "https://www.unpkg.com/@dinero.js/currencies@2.0.0-alpha.10/dist/esm/iso4217/amendments/168/ars.js": "7011564e3541face83ff8b6df10d5f5df20adb392af7bd5a21758c813904375d",
    "https://www.unpkg.com/@dinero.js/currencies@2.0.0-alpha.10/dist/esm/iso4217/amendments/168/aud.js": "9426322c2b03df554b1391be434d7201271719d3d48d47872a77109e258b92ab",
    "https://www.unpkg.com/@dinero.js/currencies@2.0.0-alpha.10/dist/esm/iso4217/amendments/168/awg.js": "83f332ea24dd2ffc9a6ce1d9ad3262b0fca82856e2dd2d857d88db4723610c47",
    "https://www.unpkg.com/@dinero.js/currencies@2.0.0-alpha.10/dist/esm/iso4217/amendments/168/azn.js": "71f1d33d9552e24046d24901829721eb8cd57506f3038b0e974b13e09574c76f",
    "https://www.unpkg.com/@dinero.js/currencies@2.0.0-alpha.10/dist/esm/iso4217/amendments/168/bam.js": "25af6f38f3abb842258ebd423a5976fcf6f8f8486d0beea8d278cc0d48220229",
    "https://www.unpkg.com/@dinero.js/currencies@2.0.0-alpha.10/dist/esm/iso4217/amendments/168/bbd.js": "608b71871a54043f5ac907e08915c36684a2ba95df5e5e1b8b6126c12d1c65a1",
    "https://www.unpkg.com/@dinero.js/currencies@2.0.0-alpha.10/dist/esm/iso4217/amendments/168/bdt.js": "cbb44396ee07f16a02b4a539950e31dd17cddd810832eee6b120004028894313",
    "https://www.unpkg.com/@dinero.js/currencies@2.0.0-alpha.10/dist/esm/iso4217/amendments/168/bgn.js": "a05863dbcaabbefcfd23255baca53166fb91b68ea13d8093ec6cc596060a030b",
    "https://www.unpkg.com/@dinero.js/currencies@2.0.0-alpha.10/dist/esm/iso4217/amendments/168/bhd.js": "fc643d9e32e03e2fd968e0940606fa6fc5c817282b0e7e0c458413906cf01608",
    "https://www.unpkg.com/@dinero.js/currencies@2.0.0-alpha.10/dist/esm/iso4217/amendments/168/bif.js": "a5b9bddcc003cc4494efc2f694916e0da1bcd467dbba43b4d3b055d9b68c967f",
    "https://www.unpkg.com/@dinero.js/currencies@2.0.0-alpha.10/dist/esm/iso4217/amendments/168/bmd.js": "f739d180238591e034fee2fdad552605541b28253c8c30a9ab51fd58f8c982ac",
    "https://www.unpkg.com/@dinero.js/currencies@2.0.0-alpha.10/dist/esm/iso4217/amendments/168/bnd.js": "084208f8224fb94f1b86b45aaa88cc0c883790d3a1ece5e0cb6cbd25b14c6df1",
    "https://www.unpkg.com/@dinero.js/currencies@2.0.0-alpha.10/dist/esm/iso4217/amendments/168/bob.js": "ff07c28f14b83c88babb39081f875c3165612ab04b4cc6eefe4bd4f6cece4c6e",
    "https://www.unpkg.com/@dinero.js/currencies@2.0.0-alpha.10/dist/esm/iso4217/amendments/168/bov.js": "bf53518c32871e5aa13c096816516ab3b8e44eea6e53f049005f31623e4b1159",
    "https://www.unpkg.com/@dinero.js/currencies@2.0.0-alpha.10/dist/esm/iso4217/amendments/168/brl.js": "5c4b7d2d0c6562e894c7b5be29003bf2b3a3a6a7ad181ad8491f3f2f419563ea",
    "https://www.unpkg.com/@dinero.js/currencies@2.0.0-alpha.10/dist/esm/iso4217/amendments/168/bsd.js": "b83c9f01edaf8441eed63e9d0012709b21008ef529dd3ee1068b350d7eee8d22",
    "https://www.unpkg.com/@dinero.js/currencies@2.0.0-alpha.10/dist/esm/iso4217/amendments/168/btn.js": "693e6bd829e738b2ebdcf892a84b534d2d174725b9611bf0ed1d0d74705988f1",
    "https://www.unpkg.com/@dinero.js/currencies@2.0.0-alpha.10/dist/esm/iso4217/amendments/168/bwp.js": "7d04b8b962df549469248bc77d96e55d085efe462c72e1b2607bc3f78632c996",
    "https://www.unpkg.com/@dinero.js/currencies@2.0.0-alpha.10/dist/esm/iso4217/amendments/168/byn.js": "885e075cff30d3d12d8c967963f563941e3ab6a1d39492956ba618ee4790418f",
    "https://www.unpkg.com/@dinero.js/currencies@2.0.0-alpha.10/dist/esm/iso4217/amendments/168/bzd.js": "79caa586b1587aeb6617a64cfdbe1dea00d86f175a1e0006f3fcbce0966c816e",
    "https://www.unpkg.com/@dinero.js/currencies@2.0.0-alpha.10/dist/esm/iso4217/amendments/168/cad.js": "39eedc5d8dd687fbb915b1efa846f712a3a8cf5af21ec56fa5dad83fe5c78fc4",
    "https://www.unpkg.com/@dinero.js/currencies@2.0.0-alpha.10/dist/esm/iso4217/amendments/168/cdf.js": "ea6dffb6bf4d0fdb8e86a1a1a422501791d5ba9c62c0eba16d9dadc6acf76922",
    "https://www.unpkg.com/@dinero.js/currencies@2.0.0-alpha.10/dist/esm/iso4217/amendments/168/che.js": "96d6ab49b829673d3584906d6bba3bd0a63422e2d60294afd316133568d16902",
    "https://www.unpkg.com/@dinero.js/currencies@2.0.0-alpha.10/dist/esm/iso4217/amendments/168/chf.js": "d5c738b4421f0423a515a30d84c443f376cd698c61a3b04ce7d030491e4d098c",
    "https://www.unpkg.com/@dinero.js/currencies@2.0.0-alpha.10/dist/esm/iso4217/amendments/168/chw.js": "c410044d0cb16697cbfa53881972181c308d5017cbcf38f83943eb38b35cf1da",
    "https://www.unpkg.com/@dinero.js/currencies@2.0.0-alpha.10/dist/esm/iso4217/amendments/168/clf.js": "b400bcd4fdb4cb2dae54d14f1d3f79923e85ed41b69f8ab5610cdad3b5e191a3",
    "https://www.unpkg.com/@dinero.js/currencies@2.0.0-alpha.10/dist/esm/iso4217/amendments/168/clp.js": "42b49d0413f61ef8d380f9aec1c9ba12dbc56f91099bf271207b777636048f55",
    "https://www.unpkg.com/@dinero.js/currencies@2.0.0-alpha.10/dist/esm/iso4217/amendments/168/cny.js": "f64e6dc4a99f1138b061bf22ec5c1d4849428be2a8aaeb60beeeaa8e1a1f4268",
    "https://www.unpkg.com/@dinero.js/currencies@2.0.0-alpha.10/dist/esm/iso4217/amendments/168/cop.js": "f9edeec1cdbe307fe74de31e83ff0db4ef5450be70f5dfc6f67ba7febf2682db",
    "https://www.unpkg.com/@dinero.js/currencies@2.0.0-alpha.10/dist/esm/iso4217/amendments/168/cou.js": "76da99e1c83f87b5ee4f303c86446707efff1ed89232604bcffa54a9da9660e5",
    "https://www.unpkg.com/@dinero.js/currencies@2.0.0-alpha.10/dist/esm/iso4217/amendments/168/crc.js": "05ab5e87b274d24419631b01634341550ea56649b9f40424cfde7a2757a74add",
    "https://www.unpkg.com/@dinero.js/currencies@2.0.0-alpha.10/dist/esm/iso4217/amendments/168/cuc.js": "9ad511c29303e516615a9247124b2207df1ee2418b4cd350601272bf6ae30d1f",
    "https://www.unpkg.com/@dinero.js/currencies@2.0.0-alpha.10/dist/esm/iso4217/amendments/168/cup.js": "0cac80a170083b36e4a76b7d8971a70ba42cfa446e9f693632d188947b0c164e",
    "https://www.unpkg.com/@dinero.js/currencies@2.0.0-alpha.10/dist/esm/iso4217/amendments/168/cve.js": "6095e590c69ca41c56a71edb846fc08193fc894bada98ccf999967c7d24bc8c2",
    "https://www.unpkg.com/@dinero.js/currencies@2.0.0-alpha.10/dist/esm/iso4217/amendments/168/czk.js": "5e60ebfbec9e40dfe6aae572865ee4c6e0c9893a94dc8474a29cda06d4f3b0e6",
    "https://www.unpkg.com/@dinero.js/currencies@2.0.0-alpha.10/dist/esm/iso4217/amendments/168/djf.js": "4eb55182df5ac13266623005fdb53f3399f5c98be0edf2a5537b032ff5cd68da",
    "https://www.unpkg.com/@dinero.js/currencies@2.0.0-alpha.10/dist/esm/iso4217/amendments/168/dkk.js": "be3916b364e94893233c58c7ccce92fa64817a3c5495c577e8490ffe41175956",
    "https://www.unpkg.com/@dinero.js/currencies@2.0.0-alpha.10/dist/esm/iso4217/amendments/168/dop.js": "452edcc9056ca39422deb09019c75c36d148180c7d22d0e4730144bfa5ec23df",
    "https://www.unpkg.com/@dinero.js/currencies@2.0.0-alpha.10/dist/esm/iso4217/amendments/168/dzd.js": "cacdc4ddecefde98a505cb0ef188fe918d29e859d7a999e8589dd0363b1fb50e",
    "https://www.unpkg.com/@dinero.js/currencies@2.0.0-alpha.10/dist/esm/iso4217/amendments/168/egp.js": "04a56acb737e6c3d88703e9367bb630c9a48ab508d819788bf11c49e58519fe5",
    "https://www.unpkg.com/@dinero.js/currencies@2.0.0-alpha.10/dist/esm/iso4217/amendments/168/ern.js": "15f289cd8f184fc1609e0e23dd66060aab3cb1a81ced5e590854df9f8ac49a2a",
    "https://www.unpkg.com/@dinero.js/currencies@2.0.0-alpha.10/dist/esm/iso4217/amendments/168/etb.js": "92734ef85ceb053fd757e39e4c3c274989795ed6fe9db4aa2eb693b9f470b3fa",
    "https://www.unpkg.com/@dinero.js/currencies@2.0.0-alpha.10/dist/esm/iso4217/amendments/168/eur.js": "64c3be48d74fa4fd9f1c5b1f67e512a7d632e225f0db09305940cdcd0e9bd94d",
    "https://www.unpkg.com/@dinero.js/currencies@2.0.0-alpha.10/dist/esm/iso4217/amendments/168/fjd.js": "494af97c96ea6045365fdc0d4e2f51e4bcc7add97d564aa32b1c8c0d9618d22d",
    "https://www.unpkg.com/@dinero.js/currencies@2.0.0-alpha.10/dist/esm/iso4217/amendments/168/fkp.js": "640f1469b4128538488216b8b81d24ddf4e778106053f88707314cc90cf24eaa",
    "https://www.unpkg.com/@dinero.js/currencies@2.0.0-alpha.10/dist/esm/iso4217/amendments/168/gbp.js": "86ef1f4dfba17590fe2502e5ceb1f1dc4fc2a9ecad410b0a9fe7f56c39437cca",
    "https://www.unpkg.com/@dinero.js/currencies@2.0.0-alpha.10/dist/esm/iso4217/amendments/168/gel.js": "f71f9ffb3dd3793fca48a6642d3a60fde312d792f929b1c384c3c172b10eb43b",
    "https://www.unpkg.com/@dinero.js/currencies@2.0.0-alpha.10/dist/esm/iso4217/amendments/168/ghs.js": "bc7760a84441012c5a2263b3457308c411a25f05afd977d974c78df1fc5696b0",
    "https://www.unpkg.com/@dinero.js/currencies@2.0.0-alpha.10/dist/esm/iso4217/amendments/168/gip.js": "261114807df9fc04c596d750ba498a7faca8a406af24e9d3a5441c01ce827408",
    "https://www.unpkg.com/@dinero.js/currencies@2.0.0-alpha.10/dist/esm/iso4217/amendments/168/gmd.js": "34f8dd9e8aabaad40618ece96624e60af98f8ad5b2bcfa01469389a02e549188",
    "https://www.unpkg.com/@dinero.js/currencies@2.0.0-alpha.10/dist/esm/iso4217/amendments/168/gnf.js": "b3d8de3809ef8636a5e75e7f4f9744dcac6dab9a79edb6847569c7c893082914",
    "https://www.unpkg.com/@dinero.js/currencies@2.0.0-alpha.10/dist/esm/iso4217/amendments/168/gtq.js": "8c4f26f28aa18ef588727f790ca030a8f4843b5dd938b0a64cff65d4da7f2966",
    "https://www.unpkg.com/@dinero.js/currencies@2.0.0-alpha.10/dist/esm/iso4217/amendments/168/gyd.js": "5935b24e02cdd1dff59f858bee47661865f2fc02a7937e0e650051348d0e57de",
    "https://www.unpkg.com/@dinero.js/currencies@2.0.0-alpha.10/dist/esm/iso4217/amendments/168/hkd.js": "ad5e67e06b822080bf193ff01f1cd423b1047bcf98f5208ba694e104d6a17eb1",
    "https://www.unpkg.com/@dinero.js/currencies@2.0.0-alpha.10/dist/esm/iso4217/amendments/168/hnl.js": "da3e1feaec23d85d93947ef7abe1a3ccbe3ff7a849ffd7801c76a5e77c6102dc",
    "https://www.unpkg.com/@dinero.js/currencies@2.0.0-alpha.10/dist/esm/iso4217/amendments/168/hrk.js": "f798e5f049ba9ba169e89e316b9d71a09143edb482c20e99ebe7cc6a641e0c2c",
    "https://www.unpkg.com/@dinero.js/currencies@2.0.0-alpha.10/dist/esm/iso4217/amendments/168/htg.js": "ef4326372525dcc5a826ed5f493794069e5a664e1eb05b2924cdeab6fdab5e59",
    "https://www.unpkg.com/@dinero.js/currencies@2.0.0-alpha.10/dist/esm/iso4217/amendments/168/huf.js": "c01fa0c1b7e52a45c4a04a812395ec05cc87e6a2355a01715640b31c5f8311fc",
    "https://www.unpkg.com/@dinero.js/currencies@2.0.0-alpha.10/dist/esm/iso4217/amendments/168/idr.js": "9ca03e3544005d5005de84388fed268791674a90968a27399fb6322a554cdeac",
    "https://www.unpkg.com/@dinero.js/currencies@2.0.0-alpha.10/dist/esm/iso4217/amendments/168/ils.js": "3a58948fcf7d2cd1eb3fca7725248c3e9cb38349742ab0ef84f3571969e3e9a7",
    "https://www.unpkg.com/@dinero.js/currencies@2.0.0-alpha.10/dist/esm/iso4217/amendments/168/index.js": "6cfdd7ba8c608e9d7c8cb85908bad49b0b2057e3cc7d6f4162334fb00e8b0a3a",
    "https://www.unpkg.com/@dinero.js/currencies@2.0.0-alpha.10/dist/esm/iso4217/amendments/168/inr.js": "050c38c7392b3ad7923a0a3d8ca05ec31d98a1bc4008cee2647853f7dfc5ba5f",
    "https://www.unpkg.com/@dinero.js/currencies@2.0.0-alpha.10/dist/esm/iso4217/amendments/168/iqd.js": "12e2841c4485ceae9b114c9bef5b25e4f6e25b3d38da0db3ab428c636b7127e8",
    "https://www.unpkg.com/@dinero.js/currencies@2.0.0-alpha.10/dist/esm/iso4217/amendments/168/irr.js": "d6b2e9f9d3d2b99e2fcfe4f00c156e036a23414b33b823af1677c7fa533ce158",
    "https://www.unpkg.com/@dinero.js/currencies@2.0.0-alpha.10/dist/esm/iso4217/amendments/168/isk.js": "75b15d4f7bc3cbfa310ab842505f469a6ba8fa01a502fb28282f4033adfa8b3a",
    "https://www.unpkg.com/@dinero.js/currencies@2.0.0-alpha.10/dist/esm/iso4217/amendments/168/jmd.js": "5d7d78b7b48dbc5c14bfd305a25809b767ddf7d47ad509a1c39786fd58706651",
    "https://www.unpkg.com/@dinero.js/currencies@2.0.0-alpha.10/dist/esm/iso4217/amendments/168/jod.js": "69140f2693fd924275d904e27e6a4007b02d03788e2b87e71ea979fbcef722ab",
    "https://www.unpkg.com/@dinero.js/currencies@2.0.0-alpha.10/dist/esm/iso4217/amendments/168/jpy.js": "49fc6c95c4b85eaaaac4e7c3e6d65a77264498a87b6a1e68106dcfe1a9dc2930",
    "https://www.unpkg.com/@dinero.js/currencies@2.0.0-alpha.10/dist/esm/iso4217/amendments/168/kes.js": "4a397f2f4c75a12cd1aca90379c6b7fcde2baccdd354a07b1c7e42adbc20e94e",
    "https://www.unpkg.com/@dinero.js/currencies@2.0.0-alpha.10/dist/esm/iso4217/amendments/168/kgs.js": "6c0509d854367f9107da1f580f31fb43f92502517bbde5bb1beb415b3e7ed2a9",
    "https://www.unpkg.com/@dinero.js/currencies@2.0.0-alpha.10/dist/esm/iso4217/amendments/168/khr.js": "af3b079c08f0aef3c8b81b85782ae287dc3d47f8b518b8b4eacc9477057cce78",
    "https://www.unpkg.com/@dinero.js/currencies@2.0.0-alpha.10/dist/esm/iso4217/amendments/168/kmf.js": "257b1a21b27ecbf24920b6a4f021f1a1528a5d23b931716984518d2351e95891",
    "https://www.unpkg.com/@dinero.js/currencies@2.0.0-alpha.10/dist/esm/iso4217/amendments/168/kpw.js": "81528ad1fe79e92aed55a07a92abe686761c76e7904e34354881a9fb52534d7c",
    "https://www.unpkg.com/@dinero.js/currencies@2.0.0-alpha.10/dist/esm/iso4217/amendments/168/krw.js": "7aeb5454257ca15d97e690a2f3085fea607a301682121fdf2f7bdaeeff3113da",
    "https://www.unpkg.com/@dinero.js/currencies@2.0.0-alpha.10/dist/esm/iso4217/amendments/168/kwd.js": "0c0aa7964668ab5d187adc253510f36cc9c82bf0344bbf80ea0d3f7ff8b9ff49",
    "https://www.unpkg.com/@dinero.js/currencies@2.0.0-alpha.10/dist/esm/iso4217/amendments/168/kyd.js": "20789b1e22a7dd588b7cf5b1f5041a0df9c338434350343d2536c39f2f8833b2",
    "https://www.unpkg.com/@dinero.js/currencies@2.0.0-alpha.10/dist/esm/iso4217/amendments/168/kzt.js": "bbf951c702b28fc2db2b10e525e646bca81136b85f4cf47d6403061845957711",
    "https://www.unpkg.com/@dinero.js/currencies@2.0.0-alpha.10/dist/esm/iso4217/amendments/168/lak.js": "6c28b3fdf0c964fe329e6c87f06dbbb01937058aa02a37d48a74863504d6a0a8",
    "https://www.unpkg.com/@dinero.js/currencies@2.0.0-alpha.10/dist/esm/iso4217/amendments/168/lbp.js": "d2646e888ae5abff8459157b7abc8b4956350b8a370d6cd4265e420e4665f2d3",
    "https://www.unpkg.com/@dinero.js/currencies@2.0.0-alpha.10/dist/esm/iso4217/amendments/168/lkr.js": "79c02dc4cc3552074307a752444e1535b6cc792ea58cf217e82b72b8860ade76",
    "https://www.unpkg.com/@dinero.js/currencies@2.0.0-alpha.10/dist/esm/iso4217/amendments/168/lrd.js": "13fbb30ab359e07ef2c0fa40485a00e2533fd1e162563dc6892c58cd0e10b019",
    "https://www.unpkg.com/@dinero.js/currencies@2.0.0-alpha.10/dist/esm/iso4217/amendments/168/lsl.js": "54d165881aceff9810d5d316da7f41e4965d5fecf065d36f4acc2e3ef8f46ac4",
    "https://www.unpkg.com/@dinero.js/currencies@2.0.0-alpha.10/dist/esm/iso4217/amendments/168/lyd.js": "5c39aa2d40d5b279ef00c3e65f36b5bcef56214bc4ae36d1b50ea51884bd5a15",
    "https://www.unpkg.com/@dinero.js/currencies@2.0.0-alpha.10/dist/esm/iso4217/amendments/168/mad.js": "d9755370dd10e43b9d01915a61711734012537bfbd6218ec872906c8f608f808",
    "https://www.unpkg.com/@dinero.js/currencies@2.0.0-alpha.10/dist/esm/iso4217/amendments/168/mdl.js": "d5cd6389b43075f88cfe2faeccff311f73bdcb4308335dcf99a4d7236dc92188",
    "https://www.unpkg.com/@dinero.js/currencies@2.0.0-alpha.10/dist/esm/iso4217/amendments/168/mga.js": "00d05aee42043eaf02101941037934e0942732e5e3cebd29bce52abcabe585db",
    "https://www.unpkg.com/@dinero.js/currencies@2.0.0-alpha.10/dist/esm/iso4217/amendments/168/mkd.js": "2bd173187b8a39146126a798d9a55aafbf088d8a97c97d724ce79ca37bccada5",
    "https://www.unpkg.com/@dinero.js/currencies@2.0.0-alpha.10/dist/esm/iso4217/amendments/168/mmk.js": "cc0d174f29ab0de4af9acaaa5c0890b66c3695aca1943064780a9e21174df39c",
    "https://www.unpkg.com/@dinero.js/currencies@2.0.0-alpha.10/dist/esm/iso4217/amendments/168/mnt.js": "fac2fb0e05dea2c5a6d68336c274d3734fc7be6ac1062cb69e22083d9a1c0c15",
    "https://www.unpkg.com/@dinero.js/currencies@2.0.0-alpha.10/dist/esm/iso4217/amendments/168/mop.js": "3714aba681f6fae73900c623086c2ce707c999b507943368f8c28b2e079fdc90",
    "https://www.unpkg.com/@dinero.js/currencies@2.0.0-alpha.10/dist/esm/iso4217/amendments/168/mru.js": "6485135f3853163725f8ea7edd7928252e33b51d44275cff4abb332333f19319",
    "https://www.unpkg.com/@dinero.js/currencies@2.0.0-alpha.10/dist/esm/iso4217/amendments/168/mur.js": "85096288fc9ead431517e2a706a0b8f62a600c68685fda823d55de66a0f50d3c",
    "https://www.unpkg.com/@dinero.js/currencies@2.0.0-alpha.10/dist/esm/iso4217/amendments/168/mvr.js": "0ebcc2d503b23eaf31bad152ee8e97d88bd50ad75a320261b894a3c4061e713d",
    "https://www.unpkg.com/@dinero.js/currencies@2.0.0-alpha.10/dist/esm/iso4217/amendments/168/mwk.js": "b93a5175add417fa4f621275053996bcb3a87a974ec50019c2d80d7eeec19a9f",
    "https://www.unpkg.com/@dinero.js/currencies@2.0.0-alpha.10/dist/esm/iso4217/amendments/168/mxn.js": "df583905b1614354350607989e6bcfa8c1857d908fdbac60d5b9cb11e3b870b8",
    "https://www.unpkg.com/@dinero.js/currencies@2.0.0-alpha.10/dist/esm/iso4217/amendments/168/mxv.js": "95afd0af68e6a1fce5e2ac9f1574b5cf878c1cbc22e62870cce8aded3283cfb1",
    "https://www.unpkg.com/@dinero.js/currencies@2.0.0-alpha.10/dist/esm/iso4217/amendments/168/myr.js": "595c43c8812b0c8b7b9ff936120e9829e8d314db90bf9ca78d1e9b8bd33d7f0d",
    "https://www.unpkg.com/@dinero.js/currencies@2.0.0-alpha.10/dist/esm/iso4217/amendments/168/mzn.js": "5c21ed8c6dc86ee7af07a73efc1e2401d838db48501345ffcb4752e7ca30e68d",
    "https://www.unpkg.com/@dinero.js/currencies@2.0.0-alpha.10/dist/esm/iso4217/amendments/168/nad.js": "815c752d24af1b82e0838f85c133b9fa20097750a0519874dd0615e55c40654c",
    "https://www.unpkg.com/@dinero.js/currencies@2.0.0-alpha.10/dist/esm/iso4217/amendments/168/ngn.js": "858d1dcab10fbe5292fd05a4008aad9bc21f7b8e03be8bbf744bf4809c09e8bd",
    "https://www.unpkg.com/@dinero.js/currencies@2.0.0-alpha.10/dist/esm/iso4217/amendments/168/nio.js": "f57eda01b0d030a3d33d0ca990f731b4c39a4f904c37beb8cc8e314b8e27981c",
    "https://www.unpkg.com/@dinero.js/currencies@2.0.0-alpha.10/dist/esm/iso4217/amendments/168/nok.js": "a930b9a24d9c3c0676b4d6dd1502ad5d962483f51aece7fc70575220a6c53c1c",
    "https://www.unpkg.com/@dinero.js/currencies@2.0.0-alpha.10/dist/esm/iso4217/amendments/168/npr.js": "1f52396abebe4d98509862104ac8d531e6aec062d193a44e64a8030b4987549c",
    "https://www.unpkg.com/@dinero.js/currencies@2.0.0-alpha.10/dist/esm/iso4217/amendments/168/nzd.js": "166a5187ae48ab36ef1b5c9e31f2d5c26f1588d1a35505ba0723ca7778983e21",
    "https://www.unpkg.com/@dinero.js/currencies@2.0.0-alpha.10/dist/esm/iso4217/amendments/168/omr.js": "705554ec418f62ce6d591974af8deb09dd05998be649e467c01d6ebd457d7920",
    "https://www.unpkg.com/@dinero.js/currencies@2.0.0-alpha.10/dist/esm/iso4217/amendments/168/pab.js": "4ae2a2288ea35a4eb32200fbe5f6c7b0467ca8326dbfcc98a617815eccd6bfb2",
    "https://www.unpkg.com/@dinero.js/currencies@2.0.0-alpha.10/dist/esm/iso4217/amendments/168/pen.js": "cd673af92e3cacd7ec9ffe2fdecfd35e52086e25d589fab41fc34b8203a29585",
    "https://www.unpkg.com/@dinero.js/currencies@2.0.0-alpha.10/dist/esm/iso4217/amendments/168/pgk.js": "4ff1cfae71f42c7de3d044e49773719b3e99879a1f036148a564c36733769ec4",
    "https://www.unpkg.com/@dinero.js/currencies@2.0.0-alpha.10/dist/esm/iso4217/amendments/168/php.js": "947b72f10d13a0e41ee3b821b0d2ab097b7315f4e3ef7c6b0b133b03bdf4c7bc",
    "https://www.unpkg.com/@dinero.js/currencies@2.0.0-alpha.10/dist/esm/iso4217/amendments/168/pkr.js": "d46d6a76346b4f983b70101e532b5c8fc86ec1b5b81c25e4ed169f45ee774a48",
    "https://www.unpkg.com/@dinero.js/currencies@2.0.0-alpha.10/dist/esm/iso4217/amendments/168/pln.js": "6d1648ba1ffaefd07f305cd258513d6ae0cf1870f5e4072de6b3d86639e16cc1",
    "https://www.unpkg.com/@dinero.js/currencies@2.0.0-alpha.10/dist/esm/iso4217/amendments/168/pyg.js": "d02a68ac7adbced398b10b7f6932db437fefd1c3872b70c9fd14f243eb6213f8",
    "https://www.unpkg.com/@dinero.js/currencies@2.0.0-alpha.10/dist/esm/iso4217/amendments/168/qar.js": "823771148b776bae6ee27f6ed0ec796f9a3d2671558c27ebae83c3da46b06aab",
    "https://www.unpkg.com/@dinero.js/currencies@2.0.0-alpha.10/dist/esm/iso4217/amendments/168/ron.js": "f6138acad1851b1afa20efec9e04ec9e2565ef32a4cf989459b9776ee667c619",
    "https://www.unpkg.com/@dinero.js/currencies@2.0.0-alpha.10/dist/esm/iso4217/amendments/168/rsd.js": "6aa2648b4f0ea536a583bef949ef9287777976fdd562a7a34b90de9884844c67",
    "https://www.unpkg.com/@dinero.js/currencies@2.0.0-alpha.10/dist/esm/iso4217/amendments/168/rub.js": "92b1edc8f6e60648ce032486baa8cf6a1be69ed2c51d1dea938bd472fa74a841",
    "https://www.unpkg.com/@dinero.js/currencies@2.0.0-alpha.10/dist/esm/iso4217/amendments/168/rwf.js": "011bade6e8b9f139ba5be0f259a4dcdaf6bd32a83d0b7ace188d888d965e4f95",
    "https://www.unpkg.com/@dinero.js/currencies@2.0.0-alpha.10/dist/esm/iso4217/amendments/168/sar.js": "c0e2a427a85944149ede52f6f77c1c91f89ef9213e811b2e16cdb0caa54ebda4",
    "https://www.unpkg.com/@dinero.js/currencies@2.0.0-alpha.10/dist/esm/iso4217/amendments/168/sbd.js": "f00378786101368e44047635933295fa954cbf01deb4c12c5e0b57a8fa4b2763",
    "https://www.unpkg.com/@dinero.js/currencies@2.0.0-alpha.10/dist/esm/iso4217/amendments/168/scr.js": "7e16aac40dd4a805e206bc97ca02b0f1be5051ec4276da4bd3fa04a621b1d6f7",
    "https://www.unpkg.com/@dinero.js/currencies@2.0.0-alpha.10/dist/esm/iso4217/amendments/168/sdg.js": "86097e54b13f92ec75d31862f204aa4a789c1afa063943bac641d6aae0cd2c51",
    "https://www.unpkg.com/@dinero.js/currencies@2.0.0-alpha.10/dist/esm/iso4217/amendments/168/sek.js": "a5a21fbf1d590068f6262d2c0665bfe90b5f9f68cb0547d3518f673a34546832",
    "https://www.unpkg.com/@dinero.js/currencies@2.0.0-alpha.10/dist/esm/iso4217/amendments/168/sgd.js": "83c94b35e05c4e3804cb2d0f9d3ce9e76bc9966717087e9aa10835c90541404b",
    "https://www.unpkg.com/@dinero.js/currencies@2.0.0-alpha.10/dist/esm/iso4217/amendments/168/shp.js": "8c1cc13a6760482879bf08faf3b6cadac4fd22241265a8178c22928fe0a3562f",
    "https://www.unpkg.com/@dinero.js/currencies@2.0.0-alpha.10/dist/esm/iso4217/amendments/168/sll.js": "4d8c41414900c0d4ea50a693cb179706c968048406f8ea7595c39ffe71d47b57",
    "https://www.unpkg.com/@dinero.js/currencies@2.0.0-alpha.10/dist/esm/iso4217/amendments/168/sos.js": "42c050e26eee190303c9c4bf16ce51f39898f2f918c11d3a4bbe2e1004fd1f24",
    "https://www.unpkg.com/@dinero.js/currencies@2.0.0-alpha.10/dist/esm/iso4217/amendments/168/srd.js": "6e5b9676c86e0e377cf851c35536e4ec2ff3cc994f372caa56413f2c34f82921",
    "https://www.unpkg.com/@dinero.js/currencies@2.0.0-alpha.10/dist/esm/iso4217/amendments/168/ssp.js": "a66e7905885ca849c81810ce86b0e3a349ab873e9e6ead535e00bec519016110",
    "https://www.unpkg.com/@dinero.js/currencies@2.0.0-alpha.10/dist/esm/iso4217/amendments/168/stn.js": "17a9f88c9bafa449b0b81d5c5bd6b28fe64279c3bfc37ff0086464d2660d99df",
    "https://www.unpkg.com/@dinero.js/currencies@2.0.0-alpha.10/dist/esm/iso4217/amendments/168/svc.js": "cc5d6e3628eead6c934ddd11de857ab3e7ae24b8c9dc3cb0615e064f0b7a2014",
    "https://www.unpkg.com/@dinero.js/currencies@2.0.0-alpha.10/dist/esm/iso4217/amendments/168/syp.js": "13ffdfc4ae33c68c88d38a59679e19c2b8150a926208b241506dfc16ed475b1b",
    "https://www.unpkg.com/@dinero.js/currencies@2.0.0-alpha.10/dist/esm/iso4217/amendments/168/szl.js": "2179f635851cc163295d25ced538e1a0e5788172e0ce07b9891235bba31a865f",
    "https://www.unpkg.com/@dinero.js/currencies@2.0.0-alpha.10/dist/esm/iso4217/amendments/168/thb.js": "eb2f2357fe6e948365ff8632284605dd7fb3df038b2da7aea686b537828bb45f",
    "https://www.unpkg.com/@dinero.js/currencies@2.0.0-alpha.10/dist/esm/iso4217/amendments/168/tjs.js": "f3fe44930eb1b5bf63d50f8fc6ef194533b487f20d2eb4268eea647bf2946d29",
    "https://www.unpkg.com/@dinero.js/currencies@2.0.0-alpha.10/dist/esm/iso4217/amendments/168/tmt.js": "40fdab800edadde93960d309b8d3a98036c6829d32a0e74bcc4671d6e8753587",
    "https://www.unpkg.com/@dinero.js/currencies@2.0.0-alpha.10/dist/esm/iso4217/amendments/168/tnd.js": "da63eb570c539a5dbc89313b690aa303334462528043cf295dbe22f3bb768a0d",
    "https://www.unpkg.com/@dinero.js/currencies@2.0.0-alpha.10/dist/esm/iso4217/amendments/168/top.js": "db287f6766f3c9417ebfe0f22912bd89753bfb20ce2a58f24bae2cf72790405e",
    "https://www.unpkg.com/@dinero.js/currencies@2.0.0-alpha.10/dist/esm/iso4217/amendments/168/try.js": "571db77ce5722e31bb9dc4ab4757ff71131bcf1e2d479959b78a5a637344c577",
    "https://www.unpkg.com/@dinero.js/currencies@2.0.0-alpha.10/dist/esm/iso4217/amendments/168/ttd.js": "b7a14117a4a6ffe3ba3beb19ab1616a734f91d7ab7aa48a93b0e74da30e632ed",
    "https://www.unpkg.com/@dinero.js/currencies@2.0.0-alpha.10/dist/esm/iso4217/amendments/168/twd.js": "6882a8505a3801284d5380706e97ebc22e59e967189709e17bd5f0e734370e20",
    "https://www.unpkg.com/@dinero.js/currencies@2.0.0-alpha.10/dist/esm/iso4217/amendments/168/tzs.js": "1b91eaadc6a908c56d3cf2a2cffe369203611740036d58bccfa0c58dec23b8e2",
    "https://www.unpkg.com/@dinero.js/currencies@2.0.0-alpha.10/dist/esm/iso4217/amendments/168/uah.js": "73d5a797b18effe94fb7d3ae9694a74c67b5bad61cbbbdb6340448db3693768f",
    "https://www.unpkg.com/@dinero.js/currencies@2.0.0-alpha.10/dist/esm/iso4217/amendments/168/ugx.js": "727ddb7c5b3ef2a7b9c82fc42a9ec330e61b3740395ed2abeec6ac51e4097057",
    "https://www.unpkg.com/@dinero.js/currencies@2.0.0-alpha.10/dist/esm/iso4217/amendments/168/usd.js": "bb893def404ab55af08b1bad02f0fbdf362b7b39a04c4ff1c2b0919d7ee13367",
    "https://www.unpkg.com/@dinero.js/currencies@2.0.0-alpha.10/dist/esm/iso4217/amendments/168/usn.js": "fdacf7c8a22bdbee06c4a0d7552034cd4d438fd6120d997738444101b33e8baa",
    "https://www.unpkg.com/@dinero.js/currencies@2.0.0-alpha.10/dist/esm/iso4217/amendments/168/uyi.js": "02eb5b6640cca2216a028ae7a796e13d6ae19197b1b3c03d80dd2a11593a2fca",
    "https://www.unpkg.com/@dinero.js/currencies@2.0.0-alpha.10/dist/esm/iso4217/amendments/168/uyu.js": "66893849ba1772ef155637865bacb53abd619cf0cca07595e684efd26643417e",
    "https://www.unpkg.com/@dinero.js/currencies@2.0.0-alpha.10/dist/esm/iso4217/amendments/168/uyw.js": "96f3e5a8e72ef60a91745b2fea82d016223b0cbe87cf246c4ba0863018220d99",
    "https://www.unpkg.com/@dinero.js/currencies@2.0.0-alpha.10/dist/esm/iso4217/amendments/168/uzs.js": "5d39f4bad292acbad6a5ab4e1f3f99dd85cc506987f1b1fcaa5a98aadaef6796",
    "https://www.unpkg.com/@dinero.js/currencies@2.0.0-alpha.10/dist/esm/iso4217/amendments/168/ves.js": "992303a929a14a8343fbba15883f3e62e7459d0f889206ff6c232a3fc16ee107",
    "https://www.unpkg.com/@dinero.js/currencies@2.0.0-alpha.10/dist/esm/iso4217/amendments/168/vnd.js": "939225bf4a1e826df5597660cf5a3283e00bc3e524b6d973ba2fb1c7a1b51f04",
    "https://www.unpkg.com/@dinero.js/currencies@2.0.0-alpha.10/dist/esm/iso4217/amendments/168/vuv.js": "fc26498f3fd9fd9db8bb27b1ace4662d000575d3a3aab8f2dc76ebe89a699411",
    "https://www.unpkg.com/@dinero.js/currencies@2.0.0-alpha.10/dist/esm/iso4217/amendments/168/wst.js": "60c9c2967c190f27f009403a37f6f97df5e3c891d5c37ec7e4a9042aa6b89f9e",
    "https://www.unpkg.com/@dinero.js/currencies@2.0.0-alpha.10/dist/esm/iso4217/amendments/168/xaf.js": "056563a2baade5f540f2c73501dc8a90a509a9a3d28be5bcd0eb1740233fbc70",
    "https://www.unpkg.com/@dinero.js/currencies@2.0.0-alpha.10/dist/esm/iso4217/amendments/168/xcd.js": "92c8e3f6d699ec952a541f964fa45127cc13c1c730b86c23ad5c0403b495b538",
    "https://www.unpkg.com/@dinero.js/currencies@2.0.0-alpha.10/dist/esm/iso4217/amendments/168/xof.js": "95144759631fa704994c9cfd6c3bd7ec122b4d44ec2ffc9c567d88838860407c",
    "https://www.unpkg.com/@dinero.js/currencies@2.0.0-alpha.10/dist/esm/iso4217/amendments/168/xpf.js": "19ee006236cc3141663d911c51666f8d9b8bfbf61e904f81c3c0028f0e34d5d6",
    "https://www.unpkg.com/@dinero.js/currencies@2.0.0-alpha.10/dist/esm/iso4217/amendments/168/yer.js": "78c13a81bb3ba2877ceba1dd3ae5d8e6aeb14a135386d498ead01987688feb5a",
    "https://www.unpkg.com/@dinero.js/currencies@2.0.0-alpha.10/dist/esm/iso4217/amendments/168/zar.js": "b3f1091bb45a2d5a113604008f01697707ce78bb7754f64eb807aaf4424aad34",
    "https://www.unpkg.com/@dinero.js/currencies@2.0.0-alpha.10/dist/esm/iso4217/amendments/168/zmw.js": "d0c65e89eb0b25a1ed00756f1c739dab6e18c7feb33b00c71e5da1d013fba3dd",
    "https://www.unpkg.com/@dinero.js/currencies@2.0.0-alpha.10/dist/esm/iso4217/amendments/168/zwl.js": "bf403b92d2acb1cdd5c0a94a6be63987d576aa64ef2d5f4e026046e1d53292e2",
    "https://www.unpkg.com/@dinero.js/currencies@2.0.0-alpha.10/dist/esm/types/Currency.js": "2e29cd9a98755c46896f7a2d56524db2d6d96b248e36db46de14c30bf47c8d05",
    "https://www.unpkg.com/@dinero.js/currencies@2.0.0-alpha.10/dist/esm/types/index.js": "5f6150853c0f6d7d26791de66e12704d645e4e199766ce92b92358d85bc56076",
    "https://www.unpkg.com/dinero.js@2.0.0-alpha.10/dist/esm/api/add.js": "44548301d8797dbbb67c7939319c692a14071e034647e2742d0b2219d1c0b6bc",
    "https://www.unpkg.com/dinero.js@2.0.0-alpha.10/dist/esm/api/allocate.js": "d2c3e51e0e612c0d893c3e73efbb10a8a600f558fc8a338ba51118a4d305a61b",
    "https://www.unpkg.com/dinero.js@2.0.0-alpha.10/dist/esm/api/compare.js": "e20e200273d7f7c3cd1bf864e69b72775558d702626e7e62b113020a21bfcdee",
    "https://www.unpkg.com/dinero.js@2.0.0-alpha.10/dist/esm/api/convert.js": "caaf9695d57ce96120e8b832ac32d4500581aef687a09ce3d83655f3fa12ff9b",
    "https://www.unpkg.com/dinero.js@2.0.0-alpha.10/dist/esm/api/equal.js": "3283b5b5816612711ee9b27102e44e3be32d64e3608370d9447e737db7e85f96",
    "https://www.unpkg.com/dinero.js@2.0.0-alpha.10/dist/esm/api/greaterThan.js": "f9543b20bfa47a02725d6e42b5d0ad3ed8a90bc5ea313622a4535a063d36b2d5",
    "https://www.unpkg.com/dinero.js@2.0.0-alpha.10/dist/esm/api/greaterThanOrEqual.js": "5abf053363dc9293d158299daa3747923bbbc1902befc2a9446d41ab72333e40",
    "https://www.unpkg.com/dinero.js@2.0.0-alpha.10/dist/esm/api/hasSubUnits.js": "87ac6245f40eef12dd33bb859fabed9757bdd5c89877c5911c4384ee844f9f8b",
    "https://www.unpkg.com/dinero.js@2.0.0-alpha.10/dist/esm/api/haveSameAmount.js": "09045e0f930ab4b192c2949500bf601357df8f436695c868547a3cb720996dc7",
    "https://www.unpkg.com/dinero.js@2.0.0-alpha.10/dist/esm/api/haveSameCurrency.js": "118e43ce67fab1063cc31fc11b7064983aaaed92440ff57d2c9e766713be93cb",
    "https://www.unpkg.com/dinero.js@2.0.0-alpha.10/dist/esm/api/index.js": "8b41e11182077842409b71749a5658bcc40924c731efbac21cc7651b633701f8",
    "https://www.unpkg.com/dinero.js@2.0.0-alpha.10/dist/esm/api/isNegative.js": "455a4150276852a85baaa6c420aa1ed035db84e7285f0ed607b0ed477c94634c",
    "https://www.unpkg.com/dinero.js@2.0.0-alpha.10/dist/esm/api/isPositive.js": "3293e80cb07c07e178f7051924afa45b17bcea32296218823603c7214141034b",
    "https://www.unpkg.com/dinero.js@2.0.0-alpha.10/dist/esm/api/isZero.js": "90720703d980c383d4c1b16f626791db670601af3541c5ccfcb1717b6f485746",
    "https://www.unpkg.com/dinero.js@2.0.0-alpha.10/dist/esm/api/lessThan.js": "128ca4eeb8d9b5aa64860c0e16760900fcece5924dcd8063b5073b5218a00f58",
    "https://www.unpkg.com/dinero.js@2.0.0-alpha.10/dist/esm/api/lessThanOrEqual.js": "1af949bfeb353f20f19bc0091a74bd460f680b791e0eb28c13d77026c3b714fc",
    "https://www.unpkg.com/dinero.js@2.0.0-alpha.10/dist/esm/api/maximum.js": "b9e27aac9b34743683f0c1554a50175c140bbc05973971456ced2cfbfc020eed",
    "https://www.unpkg.com/dinero.js@2.0.0-alpha.10/dist/esm/api/minimum.js": "ee215558fe39b826e28a23ae68a0533bdf29ba6ef92d90ca42111505b1baf2f8",
    "https://www.unpkg.com/dinero.js@2.0.0-alpha.10/dist/esm/api/multiply.js": "95b8a8e7d38ff4094a16599f58c3bfc79892f3250652201c37e519aaff12db73",
    "https://www.unpkg.com/dinero.js@2.0.0-alpha.10/dist/esm/api/normalizeScale.js": "573700f478c310c31044ab8d28d5d0c2d9f61f9b8f29b05b6b698d8aa16297bf",
    "https://www.unpkg.com/dinero.js@2.0.0-alpha.10/dist/esm/api/subtract.js": "7da5aac0231d0891e15846ac83cdf94cbbba25651e2f0d1bbc6eabb6fd87e661",
    "https://www.unpkg.com/dinero.js@2.0.0-alpha.10/dist/esm/api/toFormat.js": "1550109267f12937671882201a6e1ca2b0bb45908ebb8b5a771053950f7203d6",
    "https://www.unpkg.com/dinero.js@2.0.0-alpha.10/dist/esm/api/toSnapshot.js": "a1eec5c4a15af9644d810d5da7db52cb945f853033046333ff57fe99913054f6",
    "https://www.unpkg.com/dinero.js@2.0.0-alpha.10/dist/esm/api/toUnit.js": "f18bdcc4956dc9e9ae589178a0cc07d489cf5dd1df5a8cddc5f8f9b37f4ef5c5",
    "https://www.unpkg.com/dinero.js@2.0.0-alpha.10/dist/esm/api/transformScale.js": "d7123a8a3f84302efd87366a5168cd402df2256d06193fe27bfd81c12e24e891",
    "https://www.unpkg.com/dinero.js@2.0.0-alpha.10/dist/esm/api/trimScale.js": "a73471e56d3b4e2169ce0f71aa186ad16be27d2548807a1852f021e025297eeb",
    "https://www.unpkg.com/dinero.js@2.0.0-alpha.10/dist/esm/dinero.js": "88309032cfbc9b4924bfc70c4ed22d701607bb360cec400c9672ecdf77b267b9",
    "https://www.unpkg.com/dinero.js@2.0.0-alpha.10/dist/esm/index.js": "d0988bfd988b1dc513606ded33a6431ddf83d9f5c091c391cda56eaae7c74d56"
  }
}
