{
  "version": "2",
  "remote": {},
  "npm": {
    "specifiers": {
      "@dinero.js/currencies": "@dinero.js/currencies@2.0.0-alpha.10",
      "dinero.js": "dinero.js@2.0.0-alpha.10"
    },
    "packages": {
      "@dinero.js/calculator-number@2.0.0-alpha.10": {
        "integrity": "sha512-EdKG0yykukigfdq+TsxZ9r0Wrg5flYAncKWSfr2snWDXurFsg8JE0oazVraCBA3Vb5LN4vGuFEpTFTH+dIrRCg==",
        "dependencies": { "@dinero.js/core": "@dinero.js/core@2.0.0-alpha.10" }
      },
      "@dinero.js/core@2.0.0-alpha.10": {
        "integrity": "sha512-vjeGXQbNvDXlXK54zaWDydEXyFAvLDj6LCfwO4CTZJIqn3+PaXakaEd5S0AXC6hluPatxnQa5J63x3WQ/Imrjw==",
        "dependencies": {
          "@dinero.js/currencies": "@dinero.js/currencies@2.0.0-alpha.10"
        }
      },
      "@dinero.js/currencies@2.0.0-alpha.10": {
        "integrity": "sha512-IDKaAh0YcJh700uLCrvWtIRCl5sItc3S2rk4IfVJBbms3j+NBDOlVFJnwru+UrMh7VpqU9GlZRsHcHf0NxYE9A==",
        "dependencies": {}
      },
      "dinero.js@2.0.0-alpha.10": {
        "integrity": "sha512-EDiOZanmJBJnFfiz5cUL/I2UI7EXQ0jXf18srqgO7sQhChyBbN39b5sf6T4fq4Oj3f4/6x2L96YPUbMRcUmd/A==",
        "dependencies": {
          "@dinero.js/calculator-number": "@dinero.js/calculator-number@2.0.0-alpha.10",
          "@dinero.js/core": "@dinero.js/core@2.0.0-alpha.10",
          "@dinero.js/currencies": "@dinero.js/currencies@2.0.0-alpha.10"
        }
      }
    }
  }
}
