{
  "name": "@dinero.js/core",
  "version": "2.0.0-alpha.14",
  "lockfileVersion": 3,
  "requires": true,
  "packages": {
    "": {
      "name": "@dinero.js/core",
      "version": "2.0.0-alpha.14",
      "license": "MIT",
      "dependencies": {
        "@dinero.js/currencies": "2.0.0-alpha.14"
      },
      "devDependencies": {
        "@dinero.js/calculator-bigint": "2.0.0-alpha.14",
        "@dinero.js/calculator-number": "2.0.0-alpha.14",
        "fast-check": "^3.15.0"
      }
    },
    "node_modules/@dinero.js/calculator-bigint": {
      "version": "2.0.0-alpha.14",
      "resolved": "https://registry.npmjs.org/@dinero.js/calculator-bigint/-/calculator-bigint-2.0.0-alpha.14.tgz",
      "integrity": "sha512-kWrx49us3Plhdc2UbfrH7XqiOlSUFUIvRHTwzFpuKKTRhwJ5XJppSsl2ZzXeM2IgtaDKzgY2YoSci1dnExE7mQ==",
      "dev": true,
      "license": "MIT",
      "dependencies": {
        "@dinero.js/core": "2.0.0-alpha.14"
      }
    },
    "node_modules/@dinero.js/calculator-number": {
      "version": "2.0.0-alpha.14",
      "resolved": "https://registry.npmjs.org/@dinero.js/calculator-number/-/calculator-number-2.0.0-alpha.14.tgz",
      "integrity": "sha512-Vmlu6eXNtkFU2cqlrpqfq8KQP9onALf8Es2d34liVa3k3RHjuhizgFUU3V3/tsjOu5WekZq+gYPOr58XVTkB7A==",
      "dev": true,
      "license": "MIT",
      "dependencies": {
        "@dinero.js/core": "2.0.0-alpha.14"
      }
    },
    "node_modules/@dinero.js/core": {
      "version": "2.0.0-alpha.14",
      "resolved": "https://registry.npmjs.org/@dinero.js/core/-/core-2.0.0-alpha.14.tgz",
      "integrity": "sha512-CtKELJ783joUbaU62fRM2xDXb4XYSy0MgOuIkPWgVOS3SYKKb6+2Ec9bNlvrW8lsPROz/RsvCuYVTphrZ79twg==",
      "dev": true,
      "license": "MIT",
      "dependencies": {
        "@dinero.js/currencies": "2.0.0-alpha.14"
      }
    },
    "node_modules/@dinero.js/currencies": {
      "version": "2.0.0-alpha.14",
      "resolved": "https://registry.npmjs.org/@dinero.js/currencies/-/currencies-2.0.0-alpha.14.tgz",
      "integrity": "sha512-Ck5ZLjRI7Pl7Y4VkeOst4WEwiN5vZezv8GHcXWsVLUfTNsmkV37VeLYDRAuTUP4akEJyIry+1o1qHYNtLq3eNw==",
      "license": "MIT"
    },
    "node_modules/fast-check": {
      "version": "3.23.2",
      "resolved": "https://registry.npmjs.org/fast-check/-/fast-check-3.23.2.tgz",
      "integrity": "sha512-h5+1OzzfCC3Ef7VbtKdcv7zsstUQwUDlYpUTvjeUsJAssPgLn7QzbboPtL5ro04Mq0rPOsMzl7q5hIbRs2wD1A==",
      "dev": true,
      "funding": [
        {
          "type": "individual",
          "url": "https://github.com/sponsors/dubzzz"
        },
        {
          "type": "opencollective",
          "url": "https://opencollective.com/fast-check"
        }
      ],
      "license": "MIT",
      "dependencies": {
        "pure-rand": "^6.1.0"
      },
      "engines": {
        "node": ">=8.0.0"
      }
    },
    "node_modules/pure-rand": {
      "version": "6.1.0",
      "resolved": "https://registry.npmjs.org/pure-rand/-/pure-rand-6.1.0.tgz",
      "integrity": "sha512-bVWawvoZoBYpp6yIoQtQXHZjmz35RSVHnUOTefl8Vcjr8snTPY1wnpSPMWekcFwbxI6gtmT7rSYPFvz71ldiOA==",
      "dev": true,
      "funding": [
        {
          "type": "individual",
          "url": "https://github.com/sponsors/dubzzz"
        },
        {
          "type": "opencollective",
          "url": "https://opencollective.com/fast-check"
        }
      ],
      "license": "MIT"
    }
  }
}
