{
  "lockfile-version": 1,
  "manifest": {
    "version": 1,
    "install": {
      "nodejs": {
        "pkg-path": "nodejs"
      },
      "yarn": {
        "pkg-path": "yarn-berry"
      }
    },
    "hook": {},
    "profile": {},
    "options": {}
  },
  "packages": [
    {
      "attr_path": "nodejs",
      "broken": false,
      "derivation": "/nix/store/y7zlj0ac5s8brygxmapc95fb5m75b7z3-nodejs-24.12.0.drv",
      "description": "Event-driven I/O framework for the V8 JavaScript engine",
      "install_id": "nodejs",
      "license": "MIT",
      "locked_url": "https://github.com/flox/nixpkgs?rev=80e4adbcf8992d3fd27ad4964fbb84907f9478b0",
      "name": "nodejs-24.12.0",
      "pname": "nodejs",
      "rev": "80e4adbcf8992d3fd27ad4964fbb84907f9478b0",
      "rev_count": 930839,
      "rev_date": "2026-01-20T05:17:20Z",
      "scrape_date": "2026-01-22T04:28:17.343754Z",
      "stabilities": [
        "unstable"
      ],
      "unfree": false,
      "version": "24.12.0",
      "outputs_to_install": [
        "out"
      ],
      "outputs": {
        "dev": "/nix/store/y4517nm523fa98f6rgbdmz9132vrv6vn-nodejs-24.12.0-dev",
        "libv8": "/nix/store/9a86b1m0hnmjl2sicwn9zd54nixfj4zn-nodejs-24.12.0-libv8",
        "out": "/nix/store/q446nk1273bnmphpd5pbw397qxj6x084-nodejs-24.12.0"
      },
      "system": "aarch64-darwin",
      "group": "toplevel",
      "priority": 5
    },
    {
      "attr_path": "nodejs",
      "broken": false,
      "derivation": "/nix/store/01i86xsjj7l4yq6i0fwllvcv8bdb0vwr-nodejs-24.12.0.drv",
      "description": "Event-driven I/O framework for the V8 JavaScript engine",
      "install_id": "nodejs",
      "license": "MIT",
      "locked_url": "https://github.com/flox/nixpkgs?rev=80e4adbcf8992d3fd27ad4964fbb84907f9478b0",
      "name": "nodejs-24.12.0",
      "pname": "nodejs",
      "rev": "80e4adbcf8992d3fd27ad4964fbb84907f9478b0",
      "rev_count": 930839,
      "rev_date": "2026-01-20T05:17:20Z",
      "scrape_date": "2026-01-22T05:02:54.615485Z",
      "stabilities": [
        "unstable"
      ],
      "unfree": false,
      "version": "24.12.0",
      "outputs_to_install": [
        "out"
      ],
      "outputs": {
        "dev": "/nix/store/xi4jjajzf908i6w064nklr3py5s0i4wp-nodejs-24.12.0-dev",
        "libv8": "/nix/store/znwf19i1zcv8nsxisa51bw3b1kaipkw9-nodejs-24.12.0-libv8",
        "out": "/nix/store/dvcc9hh5ia62x2r44zcgsz5gic5yzi3j-nodejs-24.12.0"
      },
      "system": "aarch64-linux",
      "group": "toplevel",
      "priority": 5
    },
    {
      "attr_path": "nodejs",
      "broken": false,
      "derivation": "/nix/store/8xwzycjgqnmyh7hz4r3dyb11a2gnig8p-nodejs-24.12.0.drv",
      "description": "Event-driven I/O framework for the V8 JavaScript engine",
      "install_id": "nodejs",
      "license": "MIT",
      "locked_url": "https://github.com/flox/nixpkgs?rev=80e4adbcf8992d3fd27ad4964fbb84907f9478b0",
      "name": "nodejs-24.12.0",
      "pname": "nodejs",
      "rev": "80e4adbcf8992d3fd27ad4964fbb84907f9478b0",
      "rev_count": 930839,
      "rev_date": "2026-01-20T05:17:20Z",
      "scrape_date": "2026-01-22T05:34:28.639675Z",
      "stabilities": [
        "unstable"
      ],
      "unfree": false,
      "version": "24.12.0",
      "outputs_to_install": [
        "out"
      ],
      "outputs": {
        "dev": "/nix/store/almxqkc9vjzqclb80ii5hh6k20dm4gwq-nodejs-24.12.0-dev",
        "libv8": "/nix/store/mshbd7yawhywp07l6h6zgbfqarv2ad83-nodejs-24.12.0-libv8",
        "out": "/nix/store/1j9jzwfgh2cl4j9sfv37wkm1g1qg5c7i-nodejs-24.12.0"
      },
      "system": "x86_64-darwin",
      "group": "toplevel",
      "priority": 5
    },
    {
      "attr_path": "nodejs",
      "broken": false,
      "derivation": "/nix/store/z722afnvi81yrm6vq8z42n1hfb7x7daj-nodejs-24.12.0.drv",
      "description": "Event-driven I/O framework for the V8 JavaScript engine",
      "install_id": "nodejs",
      "license": "MIT",
      "locked_url": "https://github.com/flox/nixpkgs?rev=80e4adbcf8992d3fd27ad4964fbb84907f9478b0",
      "name": "nodejs-24.12.0",
      "pname": "nodejs",
      "rev": "80e4adbcf8992d3fd27ad4964fbb84907f9478b0",
      "rev_count": 930839,
      "rev_date": "2026-01-20T05:17:20Z",
      "scrape_date": "2026-01-22T06:20:59.665044Z",
      "stabilities": [
        "unstable"
      ],
      "unfree": false,
      "version": "24.12.0",
      "outputs_to_install": [
        "out"
      ],
      "outputs": {
        "dev": "/nix/store/y4a1pyqcjhp281krkg0zf3d5bga1pbfy-nodejs-24.12.0-dev",
        "libv8": "/nix/store/0hq6zscpapk7h148zv5c2wqwnvy5pdr4-nodejs-24.12.0-libv8",
        "out": "/nix/store/cikdc61gfwvdma6y0p9b5d5d448aqcv6-nodejs-24.12.0"
      },
      "system": "x86_64-linux",
      "group": "toplevel",
      "priority": 5
    },
    {
      "attr_path": "yarn-berry",
      "broken": false,
      "derivation": "/nix/store/sy0jbfhah2dkmxf9ngd4j5wpymj61s8z-yarn-berry-4.12.0.drv",
      "description": "Fast, reliable, and secure dependency management",
      "install_id": "yarn",
      "license": "BSD-2-Clause",
      "locked_url": "https://github.com/flox/nixpkgs?rev=80e4adbcf8992d3fd27ad4964fbb84907f9478b0",
      "name": "yarn-berry-4.12.0",
      "pname": "yarn-berry",
      "rev": "80e4adbcf8992d3fd27ad4964fbb84907f9478b0",
      "rev_count": 930839,
      "rev_date": "2026-01-20T05:17:20Z",
      "scrape_date": "2026-01-22T04:30:38.337965Z",
      "stabilities": [
        "unstable"
      ],
      "unfree": false,
      "version": "4.12.0",
      "outputs_to_install": [
        "out"
      ],
      "outputs": {
        "out": "/nix/store/2l7sbyyqardvrzr35zkrw67gbng5gb8y-yarn-berry-4.12.0"
      },
      "system": "aarch64-darwin",
      "group": "toplevel",
      "priority": 5
    },
    {
      "attr_path": "yarn-berry",
      "broken": false,
      "derivation": "/nix/store/jzxis6qs5mb2lc9lx7xndv5vqmkx10x0-yarn-berry-4.12.0.drv",
      "description": "Fast, reliable, and secure dependency management",
      "install_id": "yarn",
      "license": "BSD-2-Clause",
      "locked_url": "https://github.com/flox/nixpkgs?rev=80e4adbcf8992d3fd27ad4964fbb84907f9478b0",
      "name": "yarn-berry-4.12.0",
      "pname": "yarn-berry",
      "rev": "80e4adbcf8992d3fd27ad4964fbb84907f9478b0",
      "rev_count": 930839,
      "rev_date": "2026-01-20T05:17:20Z",
      "scrape_date": "2026-01-22T05:05:45.606272Z",
      "stabilities": [
        "unstable"
      ],
      "unfree": false,
      "version": "4.12.0",
      "outputs_to_install": [
        "out"
      ],
      "outputs": {
        "out": "/nix/store/klx9ndw1djgx0zhhyrkcn9an094rmmwv-yarn-berry-4.12.0"
      },
      "system": "aarch64-linux",
      "group": "toplevel",
      "priority": 5
    },
    {
      "attr_path": "yarn-berry",
      "broken": false,
      "derivation": "/nix/store/pjdps1mpblxfbmppb8b5wds8mzzjar2m-yarn-berry-4.12.0.drv",
      "description": "Fast, reliable, and secure dependency management",
      "install_id": "yarn",
      "license": "BSD-2-Clause",
      "locked_url": "https://github.com/flox/nixpkgs?rev=80e4adbcf8992d3fd27ad4964fbb84907f9478b0",
      "name": "yarn-berry-4.12.0",
      "pname": "yarn-berry",
      "rev": "80e4adbcf8992d3fd27ad4964fbb84907f9478b0",
      "rev_count": 930839,
      "rev_date": "2026-01-20T05:17:20Z",
      "scrape_date": "2026-01-22T05:36:38.743524Z",
      "stabilities": [
        "unstable"
      ],
      "unfree": false,
      "version": "4.12.0",
      "outputs_to_install": [
        "out"
      ],
      "outputs": {
        "out": "/nix/store/m6cwiya6hrbwnlprh2cbnmz6c7mkylrf-yarn-berry-4.12.0"
      },
      "system": "x86_64-darwin",
      "group": "toplevel",
      "priority": 5
    },
    {
      "attr_path": "yarn-berry",
      "broken": false,
      "derivation": "/nix/store/v5xk5ivmrak80ppdcz4jpindj21xy6va-yarn-berry-4.12.0.drv",
      "description": "Fast, reliable, and secure dependency management",
      "install_id": "yarn",
      "license": "BSD-2-Clause",
      "locked_url": "https://github.com/flox/nixpkgs?rev=80e4adbcf8992d3fd27ad4964fbb84907f9478b0",
      "name": "yarn-berry-4.12.0",
      "pname": "yarn-berry",
      "rev": "80e4adbcf8992d3fd27ad4964fbb84907f9478b0",
      "rev_count": 930839,
      "rev_date": "2026-01-20T05:17:20Z",
      "scrape_date": "2026-01-22T06:24:08.258012Z",
      "stabilities": [
        "unstable"
      ],
      "unfree": false,
      "version": "4.12.0",
      "outputs_to_install": [
        "out"
      ],
      "outputs": {
        "out": "/nix/store/q1gys3zgijcciiafbh9nfawkx5wj8179-yarn-berry-4.12.0"
      },
      "system": "x86_64-linux",
      "group": "toplevel",
      "priority": 5
    }
  ]
}